
Microsoft Visual Studio Solution File, Format Version 12.00
# Visual Studio Version 17
VisualStudioVersion = 17.11.35312.102
MinimumVisualStudioVersion = 10.0.40219.1
Project("{8BC9CEB8-8B4A-11D0-8D11-00A0C91BC942}") = "PG3", "PG3.vcxproj", "{9BB2CA23-04D1-4C22-A881-35055EA4C064}"
EndProject
Project("{2150E333-8FDC-42A3-9474-1A3956D46DE8}") = "ソリューション項目", "ソリューション項目", "{444C2414-3216-4EFC-82DB-1D4CCC8B973C}"
	ProjectSection(SolutionItems) = preProject
		.editorconfig = .editorconfig
	EndProjectSection
EndProject
Global
	GlobalSection(SolutionConfigurationPlatforms) = preSolution
		Debug|x64 = Debug|x64
		Debug|x86 = Debug|x86
		Release|x64 = Release|x64
		Release|x86 = Release|x86
	EndGlobalSection
	GlobalSection(ProjectConfigurationPlatforms) = postSolution
		{9BB2CA23-04D1-4C22-A881-35055EA4C064}.Debug|x64.ActiveCfg = Debug|x64
		{9BB2CA23-04D1-4C22-A881-35055EA4C064}.Debug|x64.Build.0 = Debug|x64
		{9BB2CA23-04D1-4C22-A881-35055EA4C064}.Debug|x86.ActiveCfg = Debug|Win32
		{9BB2CA23-04D1-4C22-A881-35055EA4C064}.Debug|x86.Build.0 = Debug|Win32
		{9BB2CA23-04D1-4C22-A881-35055EA4C064}.Release|x64.ActiveCfg = Release|x64
		{9BB2CA23-04D1-4C22-A881-35055EA4C064}.Release|x64.Build.0 = Release|x64
		{9BB2CA23-04D1-4C22-A881-35055EA4C064}.Release|x86.ActiveCfg = Release|Win32
		{9BB2CA23-04D1-4C22-A881-35055EA4C064}.Release|x86.Build.0 = Release|Win32
	EndGlobalSection
	GlobalSection(SolutionProperties) = preSolution
		HideSolutionNode = FALSE
	EndGlobalSection
	GlobalSection(ExtensibilityGlobals) = postSolution
		SolutionGuid = {0922789F-31C5-4134-A627-321AFCB12651}
	EndGlobalSection
EndGlobal
